
Microsoft Visual Studio Solution File, Format Version 12.00
# Visual Studio Version 16
VisualStudioVersion = 16.0.32802.440
MinimumVisualStudioVersion = 10.0.40219.1
Project("{9A19103F-16F7-4668-BE54-9A1E7A4F7556}") = "PracticeWeb", "PracticeWeb.csproj", "{A9DE3548-60E6-441A-B565-27DFFD83ABCC}"
EndProject
Global
	GlobalSection(SolutionConfigurationPlatforms) = preSolution
		Debug|Any CPU = Debug|Any CPU
		Release|Any CPU = Release|Any CPU
	EndGlobalSection
	GlobalSection(ProjectConfigurationPlatforms) = postSolution
		{A9DE3548-60E6-441A-B565-27DFFD83ABCC}.Debug|Any CPU.ActiveCfg = Debug|Any CPU
		{A9DE3548-60E6-441A-B565-27DFFD83ABCC}.Debug|Any CPU.Build.0 = Debug|Any CPU
		{A9DE3548-60E6-441A-B565-27DFFD83ABCC}.Release|Any CPU.ActiveCfg = Release|Any CPU
		{A9DE3548-60E6-441A-B565-27DFFD83ABCC}.Release|Any CPU.Build.0 = Release|Any CPU
	EndGlobalSection
	GlobalSection(SolutionProperties) = preSolution
		HideSolutionNode = FALSE
	EndGlobalSection
	GlobalSection(ExtensibilityGlobals) = postSolution
		SolutionGuid = {C3E4508E-F203-4C17-A70C-C88266D24E72}
	EndGlobalSection
EndGlobal
